
Microsoft Visual Studio Solution File, Format Version 12.00
Project("{FAE04EC0-301F-11D3-BF4B-00C04F79EFBC}") = "JSONAutovalidator", "JSONAutovalidator\JSONAutovalidator.csproj", "{777E4778-2DE9-424E-A9CA-16104A1BC087}"
EndProject
Global
	GlobalSection(SolutionConfigurationPlatforms) = preSolution
		Debug|Any CPU = Debug|Any CPU
		Release|Any CPU = Release|Any CPU
	EndGlobalSection
	GlobalSection(ProjectConfigurationPlatforms) = postSolution
		{777E4778-2DE9-424E-A9CA-16104A1BC087}.Debug|Any CPU.ActiveCfg = Debug|Any CPU
		{777E4778-2DE9-424E-A9CA-16104A1BC087}.Debug|Any CPU.Build.0 = Debug|Any CPU
		{777E4778-2DE9-424E-A9CA-16104A1BC087}.Release|Any CPU.ActiveCfg = Release|Any CPU
		{777E4778-2DE9-424E-A9CA-16104A1BC087}.Release|Any CPU.Build.0 = Release|Any CPU
	EndGlobalSection
EndGlobal
